Microsoft Visual Studio Solution File, Format Version 12.00
# Visual Studio Version 17
VisualStudioVersion = 17.5.2.0
MinimumVisualStudioVersion = 10.0.40219.1
Project("{FAE04EC0-301F-11D3-BF4B-00C04F79EFBC}") = "MusicShop", "MusicShop.csproj", "{95D54E63-5966-7330-5DA1-2CE86BFE95FE}"
EndProject
Global
	GlobalSection(SolutionConfigurationPlatforms) = preSolution
		Debug|Any CPU = Debug|Any CPU
		Release|Any CPU = Release|Any CPU
	EndGlobalSection
	GlobalSection(ProjectConfigurationPlatforms) = postSolution
		{95D54E63-5966-7330-5DA1-2CE86BFE95FE}.Debug|Any CPU.ActiveCfg = Debug|Any CPU
		{95D54E63-5966-7330-5DA1-2CE86BFE95FE}.Debug|Any CPU.Build.0 = Debug|Any CPU
		{95D54E63-5966-7330-5DA1-2CE86BFE95FE}.Release|Any CPU.ActiveCfg = Release|Any CPU
		{95D54E63-5966-7330-5DA1-2CE86BFE95FE}.Release|Any CPU.Build.0 = Release|Any CPU
	EndGlobalSection
	GlobalSection(SolutionProperties) = preSolution
		HideSolutionNode = FALSE
	EndGlobalSection
	GlobalSection(ExtensibilityGlobals) = postSolution
		SolutionGuid = {53270F9C-1B39-44C8-9DA3-BC01652DE6B8}
	EndGlobalSection
EndGlobal
